// !$*UTF8*$!
{
	archiveVersion = 1;
	classes = {
	};
	objectVersion = 55;
	objects = {

/* Begin PBXBuildFile section */
		E633B9E228306BAA00CFB151 /* LaunchScreen.storyboard in Resources */ = {isa = PBXBuildFile; fileRef = E633B9E128306BAA00CFB151 /* LaunchScreen.storyboard */; };
		E67454B3282DDF9300A56322 /* FilteredPizzaList.swift in Sources */ = {isa = PBXBuildFile; fileRef = E67454B2282DDF9300A56322 /* FilteredPizzaList.swift */; };
		E67454B6282DF0E800A56322 /* ImagePicker.swift in Sources */ = {isa = PBXBuildFile; fileRef = E67454B5282DF0E800A56322 /* ImagePicker.swift */; };
		E6B1C271282B2266006B150A /* PizzaApplicationApp.swift in Sources */ = {isa = PBXBuildFile; fileRef = E6B1C270282B2266006B150A /* PizzaApplicationApp.swift */; };
		E6B1C273282B2266006B150A /* ContentView.swift in Sources */ = {isa = PBXBuildFile; fileRef = E6B1C272282B2266006B150A /* ContentView.swift */; };
		E6B1C275282B2266006B150A /* Assets.xcassets in Resources */ = {isa = PBXBuildFile; fileRef = E6B1C274282B2266006B150A /* Assets.xcassets */; };
		E6B1C278282B2266006B150A /* Preview Assets.xcassets in Resources */ = {isa = PBXBuildFile; fileRef = E6B1C277282B2266006B150A /* Preview Assets.xcassets */; };
		E6B1C280282B22BE006B150A /* PizzaAppDataModels.xcdatamodeld in Sources */ = {isa = PBXBuildFile; fileRef = E6B1C27E282B22BE006B150A /* PizzaAppDataModels.xcdatamodeld */; };
		E6B1C282282B243D006B150A /* DataController.swift in Sources */ = {isa = PBXBuildFile; fileRef = E6B1C281282B243D006B150A /* DataController.swift */; };
		E6B1C285282B260D006B150A /* PizzaList.swift in Sources */ = {isa = PBXBuildFile; fileRef = E6B1C284282B260D006B150A /* PizzaList.swift */; };
		E6B1C287282B28B5006B150A /* NewPizzaView.swift in Sources */ = {isa = PBXBuildFile; fileRef = E6B1C286282B28B5006B150A /* NewPizzaView.swift */; };
		E6B1C289282B2C2A006B150A /* PizzaDetailView.swift in Sources */ = {isa = PBXBuildFile; fileRef = E6B1C288282B2C2A006B150A /* PizzaDetailView.swift */; };
		E6B1C28B282B2D0E006B150A /* PizzaSelectionTypes.swift in Sources */ = {isa = PBXBuildFile; fileRef = E6B1C28A282B2D0E006B150A /* PizzaSelectionTypes.swift */; };
		E6B1C28D282B2F7C006B150A /* FavouritesList.swift in Sources */ = {isa = PBXBuildFile; fileRef = E6B1C28C282B2F7C006B150A /* FavouritesList.swift */; };
		E6BB12872834D66A00818D08 /* Keyboard+Extension.swift in Sources */ = {isa = PBXBuildFile; fileRef = E6BB12862834D66A00818D08 /* Keyboard+Extension.swift */; };
		E6FD2F55282C6D39005988AC /* Pizza+CoreDataClass.swift in Sources */ = {isa = PBXBuildFile; fileRef = E6FD2F53282C6D39005988AC /* Pizza+CoreDataClass.swift */; };
		E6FD2F56282C6D39005988AC /* Pizza+CoreDataProperties.swift in Sources */ = {isa = PBXBuildFile; fileRef = E6FD2F54282C6D39005988AC /* Pizza+CoreDataProperties.swift */; };
/* End PBXBuildFile section */

/* Begin PBXFileReference section */
		E633B9E128306BAA00CFB151 /* LaunchScreen.storyboard */ = {isa = PBXFileReference; lastKnownFileType = file.storyboard; path = LaunchScreen.storyboard; sourceTree = "<group>"; };
		E67454B2282DDF9300A56322 /* FilteredPizzaList.swift */ = {isa = PBXFileReference; lastKnownFileType = sourcecode.swift; path = FilteredPizzaList.swift; sourceTree = "<group>"; };
		E67454B5282DF0E800A56322 /* ImagePicker.swift */ = {isa = PBXFileReference; lastKnownFileType = sourcecode.swift; path = ImagePicker.swift; sourceTree = "<group>"; };
		E6B1C26D282B2266006B150A /* Pizzy.app */ = {isa = PBXFileReference; explicitFileType = wrapper.application; includeInIndex = 0; path = Pizzy.app; sourceTree = BUILT_PRODUCTS_DIR; };
		E6B1C270282B2266006B150A /* PizzaApplicationApp.swift */ = {isa = PBXFileReference; lastKnownFileType = sourcecode.swift; path = PizzaApplicationApp.swift; sourceTree = "<group>"; };
		E6B1C272282B2266006B150A /* ContentView.swift */ = {isa = PBXFileReference; lastKnownFileType = sourcecode.swift; path = ContentView.swift; sourceTree = "<group>"; };
		E6B1C274282B2266006B150A /* Assets.xcassets */ = {isa = PBXFileReference; lastKnownFileType = folder.assetcatalog; path = Assets.xcassets; sourceTree = "<group>"; };
		E6B1C277282B2266006B150A /* Preview Assets.xcassets */ = {isa = PBXFileReference; lastKnownFileType = folder.assetcatalog; path = "Preview Assets.xcassets"; sourceTree = "<group>"; };
		E6B1C27F282B22BE006B150A /* PizzaAppDataModels.xcdatamodel */ = {isa = PBXFileReference; lastKnownFileType = wrapper.xcdatamodel; path = PizzaAppDataModels.xcdatamodel; sourceTree = "<group>"; };
		E6B1C281282B243D006B150A /* DataController.swift */ = {isa = PBXFileReference; lastKnownFileType = sourcecode.swift; path = DataController.swift; sourceTree = "<group>"; };
		E6B1C284282B260D006B150A /* PizzaList.swift */ = {isa = PBXFileReference; lastKnownFileType = sourcecode.swift; path = PizzaList.swift; sourceTree = "<group>"; };
		E6B1C286282B28B5006B150A /* NewPizzaView.swift */ = {isa = PBXFileReference; lastKnownFileType = sourcecode.swift; path = NewPizzaView.swift; sourceTree = "<group>"; };
		E6B1C288282B2C2A006B150A /* PizzaDetailView.swift */ = {isa = PBXFileReference; lastKnownFileType = sourcecode.swift; path = PizzaDetailView.swift; sourceTree = "<group>"; };
		E6B1C28A282B2D0E006B150A /* PizzaSelectionTypes.swift */ = {isa = PBXFileReference; lastKnownFileType = sourcecode.swift; path = PizzaSelectionTypes.swift; sourceTree = "<group>"; };
		E6B1C28C282B2F7C006B150A /* FavouritesList.swift */ = {isa = PBXFileReference; lastKnownFileType = sourcecode.swift; path = FavouritesList.swift; sourceTree = "<group>"; };
		E6BB12862834D66A00818D08 /* Keyboard+Extension.swift */ = {isa = PBXFileReference; lastKnownFileType = sourcecode.swift; path = "Keyboard+Extension.swift"; sourceTree = "<group>"; };
		E6FD2F53282C6D39005988AC /* Pizza+CoreDataClass.swift */ = {isa = PBXFileReference; lastKnownFileType = sourcecode.swift; name = "Pizza+CoreDataClass.swift"; path = "PizzaApplication/Models/Pizza+CoreDataClass.swift"; sourceTree = SOURCE_ROOT; };
		E6FD2F54282C6D39005988AC /* Pizza+CoreDataProperties.swift */ = {isa = PBXFileReference; lastKnownFileType = sourcecode.swift; name = "Pizza+CoreDataProperties.swift"; path = "PizzaApplication/Models/Pizza+CoreDataProperties.swift"; sourceTree = SOURCE_ROOT; };
/* End PBXFileReference section */

/* Begin PBXFrameworksBuildPhase section */
		E6B1C26A282B2266006B150A /* Frameworks */ = {
			isa = PBXFrameworksBuildPhase;
			buildActionMask = 2147483647;
			files = (
			);
			runOnlyForDeploymentPostprocessing = 0;
		};
/* End PBXFrameworksBuildPhase section */

/* Begin PBXGroup section */
		E67454B4282DF09800A56322 /* reusable code */ = {
			isa = PBXGroup;
			children = (
				E6B1C28A282B2D0E006B150A /* PizzaSelectionTypes.swift */,
				E67454B5282DF0E800A56322 /* ImagePicker.swift */,
			);
			path = "reusable code";
			sourceTree = "<group>";
		};
		E6B1C264282B2266006B150A = {
			isa = PBXGroup;
			children = (
				E6B1C26F282B2266006B150A /* PizzaApplication */,
				E6B1C26E282B2266006B150A /* Products */,
			);
			sourceTree = "<group>";
		};
		E6B1C26E282B2266006B150A /* Products */ = {
			isa = PBXGroup;
			children = (
				E6B1C26D282B2266006B150A /* Pizzy.app */,
			);
			name = Products;
			sourceTree = "<group>";
		};
		E6B1C26F282B2266006B150A /* PizzaApplication */ = {
			isa = PBXGroup;
			children = (
				E6B1C270282B2266006B150A /* PizzaApplicationApp.swift */,
				E6B99274283954600007621A /* Controllers */,
				E6B992732839489E0007621A /* Models */,
				E6BB12852834D64900818D08 /* Extensions */,
				E67454B4282DF09800A56322 /* reusable code */,
				E6FD2F51282C6AB8005988AC /* Views */,
				E6B1C276282B2266006B150A /* Preview Content */,
				E6B1C27E282B22BE006B150A /* PizzaAppDataModels.xcdatamodeld */,
				E6B1C274282B2266006B150A /* Assets.xcassets */,
			);
			path = PizzaApplication;
			sourceTree = "<group>";
		};
		E6B1C276282B2266006B150A /* Preview Content */ = {
			isa = PBXGroup;
			children = (
				E6B1C277282B2266006B150A /* Preview Assets.xcassets */,
			);
			path = "Preview Content";
			sourceTree = "<group>";
		};
		E6B992732839489E0007621A /* Models */ = {
			isa = PBXGroup;
			children = (
				E6FD2F53282C6D39005988AC /* Pizza+CoreDataClass.swift */,
				E6FD2F54282C6D39005988AC /* Pizza+CoreDataProperties.swift */,
			);
			path = Models;
			sourceTree = "<group>";
		};
		E6B99274283954600007621A /* Controllers */ = {
			isa = PBXGroup;
			children = (
				E6B1C281282B243D006B150A /* DataController.swift */,
			);
			path = Controllers;
			sourceTree = "<group>";
		};
		E6BB12852834D64900818D08 /* Extensions */ = {
			isa = PBXGroup;
			children = (
				E6BB12862834D66A00818D08 /* Keyboard+Extension.swift */,
			);
			path = Extensions;
			sourceTree = "<group>";
		};
		E6FD2F51282C6AB8005988AC /* Views */ = {
			isa = PBXGroup;
			children = (
				E633B9E128306BAA00CFB151 /* LaunchScreen.storyboard */,
				E6B1C284282B260D006B150A /* PizzaList.swift */,
				E6B1C272282B2266006B150A /* ContentView.swift */,
				E6B1C286282B28B5006B150A /* NewPizzaView.swift */,
				E6B1C288282B2C2A006B150A /* PizzaDetailView.swift */,
				E6B1C28C282B2F7C006B150A /* FavouritesList.swift */,
				E67454B2282DDF9300A56322 /* FilteredPizzaList.swift */,
			);
			path = Views;
			sourceTree = "<group>";
		};
/* End PBXGroup section */

/* Begin PBXNativeTarget section */
		E6B1C26C282B2266006B150A /* PizzaApplication */ = {
			isa = PBXNativeTarget;
			buildConfigurationList = E6B1C27B282B2266006B150A /* Build configuration list for PBXNativeTarget "PizzaApplication" */;
			buildPhases = (
				E6B1C269282B2266006B150A /* Sources */,
				E6B1C26A282B2266006B150A /* Frameworks */,
				E6B1C26B282B2266006B150A /* Resources */,
			);
			buildRules = (
			);
			dependencies = (
			);
			name = PizzaApplication;
			productName = PizzaApplication;
			productReference = E6B1C26D282B2266006B150A /* Pizzy.app */;
			productType = "com.apple.product-type.application";
		};
/* End PBXNativeTarget section */

/* Begin PBXProject section */
		E6B1C265282B2266006B150A /* Project object */ = {
			isa = PBXProject;
			attributes = {
				BuildIndependentTargetsInParallel = 1;
				LastSwiftUpdateCheck = 1330;
				LastUpgradeCheck = 1330;
				TargetAttributes = {
					E6B1C26C282B2266006B150A = {
						CreatedOnToolsVersion = 13.3.1;
					};
				};
			};
			buildConfigurationList = E6B1C268282B2266006B150A /* Build configuration list for PBXProject "Pizzy" */;
			compatibilityVersion = "Xcode 13.0";
			developmentRegion = en;
			hasScannedForEncodings = 0;
			knownRegions = (
				en,
				Base,
			);
			mainGroup = E6B1C264282B2266006B150A;
			productRefGroup = E6B1C26E282B2266006B150A /* Products */;
			projectDirPath = "";
			projectRoot = "";
			targets = (
				E6B1C26C282B2266006B150A /* PizzaApplication */,
			);
		};
/* End PBXProject section */

/* Begin PBXResourcesBuildPhase section */
		E6B1C26B282B2266006B150A /* Resources */ = {
			isa = PBXResourcesBuildPhase;
			buildActionMask = 2147483647;
			files = (
				E633B9E228306BAA00CFB151 /* LaunchScreen.storyboard in Resources */,
				E6B1C278282B2266006B150A /* Preview Assets.xcassets in Resources */,
				E6B1C275282B2266006B150A /* Assets.xcassets in Resources */,
			);
			runOnlyForDeploymentPostprocessing = 0;
		};
/* End PBXResourcesBuildPhase section */

/* Begin PBXSourcesBuildPhase section */
		E6B1C269282B2266006B150A /* Sources */ = {
			isa = PBXSourcesBuildPhase;
			buildActionMask = 2147483647;
			files = (
				E67454B6282DF0E800A56322 /* ImagePicker.swift in Sources */,
				E6B1C28D282B2F7C006B150A /* FavouritesList.swift in Sources */,
				E6B1C289282B2C2A006B150A /* PizzaDetailView.swift in Sources */,
				E6B1C287282B28B5006B150A /* NewPizzaView.swift in Sources */,
				E67454B3282DDF9300A56322 /* FilteredPizzaList.swift in Sources */,
				E6B1C285282B260D006B150A /* PizzaList.swift in Sources */,
				E6B1C280282B22BE006B150A /* PizzaAppDataModels.xcdatamodeld in Sources */,
				E6B1C282282B243D006B150A /* DataController.swift in Sources */,
				E6FD2F55282C6D39005988AC /* Pizza+CoreDataClass.swift in Sources */,
				E6B1C28B282B2D0E006B150A /* PizzaSelectionTypes.swift in Sources */,
				E6BB12872834D66A00818D08 /* Keyboard+Extension.swift in Sources */,
				E6B1C273282B2266006B150A /* ContentView.swift in Sources */,
				E6FD2F56282C6D39005988AC /* Pizza+CoreDataProperties.swift in Sources */,
				E6B1C271282B2266006B150A /* PizzaApplicationApp.swift in Sources */,
			);
			runOnlyForDeploymentPostprocessing = 0;
		};
/* End PBXSourcesBuildPhase section */

/* Begin XCBuildConfiguration section */
		E6B1C279282B2266006B150A /* Debug */ = {
			isa = XCBuildConfiguration;
			buildSettings = {
				ALWAYS_SEARCH_USER_PATHS = NO;
				CLANG_ANALYZER_NONNULL = YES;
				CLANG_ANALYZER_NUMBER_OBJECT_CONVERSION = YES_AGGRESSIVE;
				CLANG_CXX_LANGUAGE_STANDARD = "gnu++17";
				CLANG_ENABLE_MODULES = YES;
				CLANG_ENABLE_OBJC_ARC = YES;
				CLANG_ENABLE_OBJC_WEAK = YES;
				CLANG_WARN_BLOCK_CAPTURE_AUTORELEASING = YES;
				CLANG_WARN_BOOL_CONVERSION = YES;
				CLANG_WARN_COMMA = YES;
				CLANG_WARN_CONSTANT_CONVERSION = YES;
				CLANG_WARN_DEPRECATED_OBJC_IMPLEMENTATIONS = YES;
				CLANG_WARN_DIRECT_OBJC_ISA_USAGE = YES_ERROR;
				CLANG_WARN_DOCUMENTATION_COMMENTS = YES;
				CLANG_WARN_EMPTY_BODY = YES;
				CLANG_WARN_ENUM_CONVERSION = YES;
				CLANG_WARN_INFINITE_RECURSION = YES;
				CLANG_WARN_INT_CONVERSION = YES;
				CLANG_WARN_NON_LITERAL_NULL_CONVERSION = YES;
				CLANG_WARN_OBJC_IMPLICIT_RETAIN_SELF = YES;
				CLANG_WARN_OBJC_LITERAL_CONVERSION = YES;
				CLANG_WARN_OBJC_ROOT_CLASS = YES_ERROR;
				CLANG_WARN_QUOTED_INCLUDE_IN_FRAMEWORK_HEADER = YES;
				CLANG_WARN_RANGE_LOOP_ANALYSIS = YES;
				CLANG_WARN_STRICT_PROTOTYPES = YES;
				CLANG_WARN_SUSPICIOUS_MOVE = YES;
				CLANG_WARN_UNGUARDED_AVAILABILITY = YES_AGGRESSIVE;
				CLANG_WARN_UNREACHABLE_CODE = YES;
				CLANG_WARN__DUPLICATE_METHOD_MATCH = YES;
				COPY_PHASE_STRIP = NO;
				DEBUG_INFORMATION_FORMAT = dwarf;
				ENABLE_STRICT_OBJC_MSGSEND = YES;
				ENABLE_TESTABILITY = YES;
				GCC_C_LANGUAGE_STANDARD = gnu11;
				GCC_DYNAMIC_NO_PIC = NO;
				GCC_NO_COMMON_BLOCKS = YES;
				GCC_OPTIMIZATION_LEVEL = 0;
				GCC_PREPROCESSOR_DEFINITIONS = (
					"DEBUG=1",
					"$(inherited)",
				);
				GCC_WARN_64_TO_32_BIT_CONVERSION = YES;
				GCC_WARN_ABOUT_RETURN_TYPE = YES_ERROR;
				GCC_WARN_UNDECLARED_SELECTOR = YES;
				GCC_WARN_UNINITIALIZED_AUTOS = YES_AGGRESSIVE;
				GCC_WARN_UNUSED_FUNCTION = YES;
				GCC_WARN_UNUSED_VARIABLE = YES;
				IPHONEOS_DEPLOYMENT_TARGET = 15.4;
				MTL_ENABLE_DEBUG_INFO = INCLUDE_SOURCE;
				MTL_FAST_MATH = YES;
				ONLY_ACTIVE_ARCH = YES;
				SDKROOT = iphoneos;
				SWIFT_ACTIVE_COMPILATION_CONDITIONS = DEBUG;
				SWIFT_OPTIMIZATION_LEVEL = "-Onone";
			};
			name = Debug;
		};
		E6B1C27A282B2266006B150A /* Release */ = {
			isa = XCBuildConfiguration;
			buildSettings = {
				ALWAYS_SEARCH_USER_PATHS = NO;
				CLANG_ANALYZER_NONNULL = YES;
				CLANG_ANALYZER_NUMBER_OBJECT_CONVERSION = YES_AGGRESSIVE;
				CLANG_CXX_LANGUAGE_STANDARD = "gnu++17";
				CLANG_ENABLE_MODULES = YES;
				CLANG_ENABLE_OBJC_ARC = YES;
				CLANG_ENABLE_OBJC_WEAK = YES;
				CLANG_WARN_BLOCK_CAPTURE_AUTORELEASING = YES;
				CLANG_WARN_BOOL_CONVERSION = YES;
				CLANG_WARN_COMMA = YES;
				CLANG_WARN_CONSTANT_CONVERSION = YES;
				CLANG_WARN_DEPRECATED_OBJC_IMPLEMENTATIONS = YES;
				CLANG_WARN_DIRECT_OBJC_ISA_USAGE = YES_ERROR;
				CLANG_WARN_DOCUMENTATION_COMMENTS = YES;
				CLANG_WARN_EMPTY_BODY = YES;
				CLANG_WARN_ENUM_CONVERSION = YES;
				CLANG_WARN_INFINITE_RECURSION = YES;
				CLANG_WARN_INT_CONVERSION = YES;
				CLANG_WARN_NON_LITERAL_NULL_CONVERSION = YES;
				CLANG_WARN_OBJC_IMPLICIT_RETAIN_SELF = YES;
				CLANG_WARN_OBJC_LITERAL_CONVERSION = YES;
				CLANG_WARN_OBJC_ROOT_CLASS = YES_ERROR;
				CLANG_WARN_QUOTED_INCLUDE_IN_FRAMEWORK_HEADER = YES;
				CLANG_WARN_RANGE_LOOP_ANALYSIS = YES;
				CLANG_WARN_STRICT_PROTOTYPES = YES;
				CLANG_WARN_SUSPICIOUS_MOVE = YES;
				CLANG_WARN_UNGUARDED_AVAILABILITY = YES_AGGRESSIVE;
				CLANG_WARN_UNREACHABLE_CODE = YES;
				CLANG_WARN__DUPLICATE_METHOD_MATCH = YES;
				COPY_PHASE_STRIP = NO;
				DEBUG_INFORMATION_FORMAT = "dwarf-with-dsym";
				ENABLE_NS_ASSERTIONS = NO;
				ENABLE_STRICT_OBJC_MSGSEND = YES;
				GCC_C_LANGUAGE_STANDARD = gnu11;
				GCC_NO_COMMON_BLOCKS = YES;
				GCC_WARN_64_TO_32_BIT_CONVERSION = YES;
				GCC_WARN_ABOUT_RETURN_TYPE = YES_ERROR;
				GCC_WARN_UNDECLARED_SELECTOR = YES;
				GCC_WARN_UNINITIALIZED_AUTOS = YES_AGGRESSIVE;
				GCC_WARN_UNUSED_FUNCTION = YES;
				GCC_WARN_UNUSED_VARIABLE = YES;
				IPHONEOS_DEPLOYMENT_TARGET = 15.4;
				MTL_ENABLE_DEBUG_INFO = NO;
				MTL_FAST_MATH = YES;
				SDKROOT = iphoneos;
				SWIFT_COMPILATION_MODE = wholemodule;
				SWIFT_OPTIMIZATION_LEVEL = "-O";
				VALIDATE_PRODUCT = YES;
			};
			name = Release;
		};
		E6B1C27C282B2266006B150A /* Debug */ = {
			isa = XCBuildConfiguration;
			buildSettings = {
				ASSETCATALOG_COMPILER_APPICON_NAME = AppIcon;
				ASSETCATALOG_COMPILER_GLOBAL_ACCENT_COLOR_NAME = AccentColor;
				ASSETCATALOG_COMPILER_INCLUDE_ALL_APPICON_ASSETS = YES;
				CODE_SIGN_STYLE = Automatic;
				CURRENT_PROJECT_VERSION = 1;
				DEVELOPMENT_ASSET_PATHS = "\"PizzaApplication/Preview Content\"";
				ENABLE_PREVIEWS = YES;
				GENERATE_INFOPLIST_FILE = YES;
				INFOPLIST_FILE = PizzaApplication/Info.plist;
				INFOPLIST_KEY_UIApplicationSceneManifest_Generation = YES;
				INFOPLIST_KEY_UIApplicationSupportsIndirectInputEvents = YES;
				INFOPLIST_KEY_UILaunchStoryboardName = LaunchScreen;
				INFOPLIST_KEY_UISupportedInterfaceOrientations_iPad = "UIInterfaceOrientationPortrait UIInterfaceOrientationPortraitUpsideDown UIInterfaceOrientationLandscapeLeft UIInterfaceOrientationLandscapeRight";
				INFOPLIST_KEY_UISupportedInterfaceOrientations_iPhone = "UIInterfaceOrientationPortrait UIInterfaceOrientationLandscapeLeft UIInterfaceOrientationLandscapeRight";
				LD_RUNPATH_SEARCH_PATHS = (
					"$(inherited)",
					"@executable_path/Frameworks",
				);
				MARKETING_VERSION = 1.0;
				PRODUCT_BUNDLE_IDENTIFIER = rusiru.PizzaApplication;
				PRODUCT_NAME = Pizzy;
				SWIFT_EMIT_LOC_STRINGS = YES;
				SWIFT_VERSION = 5.0;
				TARGETED_DEVICE_FAMILY = 1;
			};
			name = Debug;
		};
		E6B1C27D282B2266006B150A /* Release */ = {
			isa = XCBuildConfiguration;
			buildSettings = {
				ASSETCATALOG_COMPILER_APPICON_NAME = AppIcon;
				ASSETCATALOG_COMPILER_GLOBAL_ACCENT_COLOR_NAME = AccentColor;
				ASSETCATALOG_COMPILER_INCLUDE_ALL_APPICON_ASSETS = YES;
				CODE_SIGN_STYLE = Automatic;
				CURRENT_PROJECT_VERSION = 1;
				DEVELOPMENT_ASSET_PATHS = "\"PizzaApplication/Preview Content\"";
				ENABLE_PREVIEWS = YES;
				GENERATE_INFOPLIST_FILE = YES;
				INFOPLIST_FILE = PizzaApplication/Info.plist;
				INFOPLIST_KEY_UIApplicationSceneManifest_Generation = YES;
				INFOPLIST_KEY_UIApplicationSupportsIndirectInputEvents = YES;
				INFOPLIST_KEY_UILaunchStoryboardName = LaunchScreen;
				INFOPLIST_KEY_UISupportedInterfaceOrientations_iPad = "UIInterfaceOrientationPortrait UIInterfaceOrientationPortraitUpsideDown UIInterfaceOrientationLandscapeLeft UIInterfaceOrientationLandscapeRight";
				INFOPLIST_KEY_UISupportedInterfaceOrientations_iPhone = "UIInterfaceOrientationPortrait UIInterfaceOrientationLandscapeLeft UIInterfaceOrientationLandscapeRight";
				LD_RUNPATH_SEARCH_PATHS = (
					"$(inherited)",
					"@executable_path/Frameworks",
				);
				MARKETING_VERSION = 1.0;
				PRODUCT_BUNDLE_IDENTIFIER = rusiru.PizzaApplication;
				PRODUCT_NAME = Pizzy;
				SWIFT_EMIT_LOC_STRINGS = YES;
				SWIFT_VERSION = 5.0;
				TARGETED_DEVICE_FAMILY = 1;
			};
			name = Release;
		};
/* End XCBuildConfiguration section */

/* Begin XCConfigurationList section */
		E6B1C268282B2266006B150A /* Build configuration list for PBXProject "Pizzy" */ = {
			isa = XCConfigurationList;
			buildConfigurations = (
				E6B1C279282B2266006B150A /* Debug */,
				E6B1C27A282B2266006B150A /* Release */,
			);
			defaultConfigurationIsVisible = 0;
			defaultConfigurationName = Release;
		};
		E6B1C27B282B2266006B150A /* Build configuration list for PBXNativeTarget "PizzaApplication" */ = {
			isa = XCConfigurationList;
			buildConfigurations = (
				E6B1C27C282B2266006B150A /* Debug */,
				E6B1C27D282B2266006B150A /* Release */,
			);
			defaultConfigurationIsVisible = 0;
			defaultConfigurationName = Release;
		};
/* End XCConfigurationList section */

/* Begin XCVersionGroup section */
		E6B1C27E282B22BE006B150A /* PizzaAppDataModels.xcdatamodeld */ = {
			isa = XCVersionGroup;
			children = (
				E6B1C27F282B22BE006B150A /* PizzaAppDataModels.xcdatamodel */,
			);
			currentVersion = E6B1C27F282B22BE006B150A /* PizzaAppDataModels.xcdatamodel */;
			path = PizzaAppDataModels.xcdatamodeld;
			sourceTree = "<group>";
			versionGroupType = wrapper.xcdatamodel;
		};
/* End XCVersionGroup section */
	};
	rootObject = E6B1C265282B2266006B150A /* Project object */;
}
